
Microsoft Visual Studio Solution File, Format Version 12.00
# Visual Studio Version 16
VisualStudioVersion = 16.0.32228.343
MinimumVisualStudioVersion = 10.0.40219.1
Project("{9A19103F-16F7-4668-BE54-9A1E7A4F7556}") = "ShapeDrawer", "ShapeDrawer.csproj", "{CF353FAD-8AA7-4076-AF38-190FE447CE00}"
EndProject
Global
	GlobalSection(SolutionConfigurationPlatforms) = preSolution
		Debug|Any CPU = Debug|Any CPU
		Release|Any CPU = Release|Any CPU
	EndGlobalSection
	GlobalSection(ProjectConfigurationPlatforms) = postSolution
		{CF353FAD-8AA7-4076-AF38-190FE447CE00}.Debug|Any CPU.ActiveCfg = Debug|Any CPU
		{CF353FAD-8AA7-4076-AF38-190FE447CE00}.Debug|Any CPU.Build.0 = Debug|Any CPU
		{CF353FAD-8AA7-4076-AF38-190FE447CE00}.Release|Any CPU.ActiveCfg = Release|Any CPU
		{CF353FAD-8AA7-4076-AF38-190FE447CE00}.Release|Any CPU.Build.0 = Release|Any CPU
	EndGlobalSection
	GlobalSection(SolutionProperties) = preSolution
		HideSolutionNode = FALSE
	EndGlobalSection
	GlobalSection(ExtensibilityGlobals) = postSolution
		SolutionGuid = {C900D111-DAE6-4752-9A1A-100B5FBE6A9E}
	EndGlobalSection
EndGlobal
